
Microsoft Visual Studio Solution File, Format Version 12.00
# Visual Studio Version 17
VisualStudioVersion = 17.1.32421.90
MinimumVisualStudioVersion = 10.0.40219.1
Project("{9A19103F-16F7-4668-BE54-9A1E7A4F7556}") = "SEP6_AzureFunctions", "SEP6_AzureFunctions.csproj", "{F69CD074-D981-4C98-A243-697BA2018C7F}"
EndProject
Global
	GlobalSection(SolutionConfigurationPlatforms) = preSolution
		Debug|Any CPU = Debug|Any CPU
		Release|Any CPU = Release|Any CPU
	EndGlobalSection
	GlobalSection(ProjectConfigurationPlatforms) = postSolution
		{F69CD074-D981-4C98-A243-697BA2018C7F}.Debug|Any CPU.ActiveCfg = Debug|Any CPU
		{F69CD074-D981-4C98-A243-697BA2018C7F}.Debug|Any CPU.Build.0 = Debug|Any CPU
		{F69CD074-D981-4C98-A243-697BA2018C7F}.Release|Any CPU.ActiveCfg = Release|Any CPU
		{F69CD074-D981-4C98-A243-697BA2018C7F}.Release|Any CPU.Build.0 = Release|Any CPU
	EndGlobalSection
	GlobalSection(SolutionProperties) = preSolution
		HideSolutionNode = FALSE
	EndGlobalSection
	GlobalSection(ExtensibilityGlobals) = postSolution
		SolutionGuid = {C21E0937-49EE-4D7B-8BA0-A368781481EF}
	EndGlobalSection
EndGlobal
